{
  "name": "dragon-age-characters",
  "version": "0.0.0",
  "lockfileVersion": 1,
  "requires": true,
  "dependencies": {
    "@fortawesome/fontawesome-common-types": {
      "version": "7.0.0",
      "resolved": "https://registry.npmjs.org/@fortawesome/fontawesome-common-types/-/fontawesome-common-types-7.0.0.tgz",
      "integrity": "sha512-PGMrIYXLGA5K8RWy8zwBkd4vFi4z7ubxtet6Yn13Plf6krRTwPbdlCwlcfmoX0R7B4Z643QvrtHmdQ5fNtfFCg=="
    },
    "@fortawesome/fontawesome-svg-core": {
      "version": "7.0.0",
      "resolved": "https://registry.npmjs.org/@fortawesome/fontawesome-svg-core/-/fontawesome-svg-core-7.0.0.tgz",
      "integrity": "sha512-obBEF+zd98r/KtKVW6A+8UGWeaOoyMpl6Q9P3FzHsOnsg742aXsl8v+H/zp09qSSu/a/Hxe9LNKzbBaQq1CEbA==",
      "requires": {
        "@fortawesome/fontawesome-common-types": "7.0.0"
      }
    },
    "@fortawesome/free-solid-svg-icons": {
      "version": "7.0.0",
      "resolved": "https://registry.npmjs.org/@fortawesome/free-solid-svg-icons/-/free-solid-svg-icons-7.0.0.tgz",
      "integrity": "sha512-njSLAllkOddYDCXgTFboXn54Oe5FcvpkWq+FoetOHR64PbN0608kM02Lze0xtISGpXgP+i26VyXRQA0Irh3Obw==",
      "requires": {
        "@fortawesome/fontawesome-common-types": "7.0.0"
      }
    },
    "@fortawesome/vue-fontawesome": {
      "version": "3.1.1",
      "resolved": "https://registry.npmjs.org/@fortawesome/vue-fontawesome/-/vue-fontawesome-3.1.1.tgz",
      "integrity": "sha512-U5azn4mcUVpjHe4JO0Wbe7Ih8e3VbN83EH7OTBtA5/QGw9qcPGffqcmwsLyZYgEkpVkYbq/6dX1Iyl5KUGMp6Q=="
    }
  }
}
